
Microsoft Visual Studio Solution File, Format Version 12.00
# Visual Studio Version 16
VisualStudioVersion = 16.0.29009.5
MinimumVisualStudioVersion = 10.0.40219.1
Project("{FAE04EC0-301F-11D3-BF4B-00C04F79EFBC}") = "MahAppsMetroMvvmLight", "MahAppsMetroMvvmLight.csproj", "{57292226-C4AE-4611-A2C9-B3C0A8467A5B}"
EndProject
Global
	GlobalSection(SolutionConfigurationPlatforms) = preSolution
		Debug|Any CPU = Debug|Any CPU
		Release|Any CPU = Release|Any CPU
	EndGlobalSection
	GlobalSection(ProjectConfigurationPlatforms) = postSolution
		{57292226-C4AE-4611-A2C9-B3C0A8467A5B}.Debug|Any CPU.ActiveCfg = Debug|Any CPU
		{57292226-C4AE-4611-A2C9-B3C0A8467A5B}.Debug|Any CPU.Build.0 = Debug|Any CPU
		{57292226-C4AE-4611-A2C9-B3C0A8467A5B}.Release|Any CPU.ActiveCfg = Release|Any CPU
		{57292226-C4AE-4611-A2C9-B3C0A8467A5B}.Release|Any CPU.Build.0 = Release|Any CPU
	EndGlobalSection
	GlobalSection(SolutionProperties) = preSolution
		HideSolutionNode = FALSE
	EndGlobalSection
	GlobalSection(ExtensibilityGlobals) = postSolution
		SolutionGuid = {8D63AEE2-080D-4722-960E-CBA5F90D3B7F}
	EndGlobalSection
EndGlobal
